
Microsoft Visual Studio Solution File, Format Version 12.00
# Visual Studio Version 16
VisualStudioVersion = 16.0.28922.388
MinimumVisualStudioVersion = 10.0.40219.1
Project("{FAE04EC0-301F-11D3-BF4B-00C04F79EFBC}") = "fileteleporter", "fileteleport\fileteleporter.csproj", "{885F4F6B-BCE9-44F1-915B-950FD29CE998}"
EndProject
Global
	GlobalSection(SolutionConfigurationPlatforms) = preSolution
		Debug|Any CPU = Debug|Any CPU
		Release|Any CPU = Release|Any CPU
	EndGlobalSection
	GlobalSection(ProjectConfigurationPlatforms) = postSolution
		{885F4F6B-BCE9-44F1-915B-950FD29CE998}.Debug|Any CPU.ActiveCfg = Debug|Any CPU
		{885F4F6B-BCE9-44F1-915B-950FD29CE998}.Debug|Any CPU.Build.0 = Debug|Any CPU
		{885F4F6B-BCE9-44F1-915B-950FD29CE998}.Release|Any CPU.ActiveCfg = Release|Any CPU
		{885F4F6B-BCE9-44F1-915B-950FD29CE998}.Release|Any CPU.Build.0 = Release|Any CPU
	EndGlobalSection
	GlobalSection(SolutionProperties) = preSolution
		HideSolutionNode = FALSE
	EndGlobalSection
	GlobalSection(ExtensibilityGlobals) = postSolution
		SolutionGuid = {DF6B81B8-1B62-4E42-8372-B7E258450469}
	EndGlobalSection
EndGlobal
